<?xml version="1.0" encoding="UTF-8"?>
<!DOCTYPE plist PUBLIC "-//Apple//DTD PLIST 1.0//EN" "http://www.apple.com/DTDs/PropertyList-1.0.dtd">
<plist version="1.0">
<dict>
	<key>archiveVersion</key>
	<string>1</string>
	<key>classes</key>
	<dict/>
	<key>objectVersion</key>
	<string>56</string>
	<key>objects</key>
	<dict>
		<key>058DA669E74340C192249587</key>
		<dict>
			<key>fileRef</key>
			<string>D7E7B5E847E04E78ACB7B8D1</string>
			<key>isa</key>
			<string>PBXBuildFile</string>
		</dict>
		<key>06391E7CF7A54BF594281A61</key>
		<dict>
			<key>fileRef</key>
			<string>8D9A84C92CE74437B3EC7918</string>
			<key>isa</key>
			<string>PBXBuildFile</string>
		</dict>
		<key>0CB1525010E1458A87621ADA</key>
		<dict>
			<key>isa</key>
			<string>PBXFileReference</string>
			<key>lastKnownFileType</key>
			<string>sourcecode.swift</string>
			<key>path</key>
			<string>Views/Setup/FaceIDPromptView.swift</string>
			<key>sourceTree</key>
			<string>&lt;group&gt;</string>
		</dict>
		<key>1052E8E770DF45628B322F5D</key>
		<dict>
			<key>buildActionMask</key>
			<string>2147483647</string>
			<key>files</key>
			<array>
				<string>6A7F443B16A9429DBEBF0811</string>
				<string>587A4699F607402CA7FA41E1</string>
				<string>2617E7BF49BF48218833B1EB</string>
				<string>FF6B22211B20424B9D844125</string>
				<string>6697A9833DAB4833AB6BD04E</string>
				<string>D6A51FB92F5B4FD89356467F</string>
				<string>06391E7CF7A54BF594281A61</string>
				<string>D07D7B1E366D489290DD0A98</string>
				<string>C84D01F7EADF41BDAC7F12BB</string>
				<string>18DDA0AB53D04EABA4B45CED</string>
				<string>F8B969F0B22A4A7A88398CA5</string>
				<string>2261772CE0ED4F078684F0E1</string>
				<string>B553EE394EB44400AE56BCEA</string>
				<string>B553EE394EB44400AE56BCEB</string>
				<string>B553EE394EB44400AE56BCEC</string>
				<string>B553EE394EB44400AE56BCED</string>
				<string>B553EE394EB44400AE56BCEE</string>
				<string>B553EE394EB44400AE56BCEF</string>
				<string>343A1EF9215A49C5B97657B6</string>
				<string>CE27ACE478324090B8ED2CFC</string>
				<string>058DA669E74340C192249587</string>
				<string>CD72D279177846C09F69FE74</string>
				<string>5D5AE00291284E6CB4A343CC</string>
				<string>5AFABC52239E413B95CC0B0A</string>
				<string>6FF357B94F0C41E5B6227FF2</string>
				<string>F52FFE1F0B0B46BE94E34B5E</string>
				<string>3FBFAE2EFEB3428484FE8DA5</string>
				<string>CACCC52CA1DF4A55A2713B9F</string>
				<string>C704342E6FDB42C4BB381077</string>
				<string>D956D85C8C894209B8D557D8</string>
				<string>44A1C4D36CD24BB3B889D717</string>
				<string>56EAFAA9D7104CCE85C7495F</string>
				<string>87DE52E5DA974E098856C9E2</string>
				<string>AD58B89560824861A0794602</string>
				<string>A8D9467CEB2B46EFB6BC1494</string>
				<string>4E57E9A46EE0423F95CA35F7</string>
				<string>AF48D158AE6341F58EB4B412</string>
				<string>B9FFC872F6E34A5BAF851D12</string>
				<string>C78EAECE2ED845B4858546FF</string>
				<string>8BDC3B4A2DC94D198F33AF6B</string>
				<string>B51A1C1C865A4FC882E48EDD</string>
				<string>ACC341E84209461E81A08AC3</string>
				<string>6FB34895C6B943F0BE647508</string>
				<string>F50E697668844416ABACF36C</string>
				<string>5B2B5FE483314538B7D94C92</string>
				<string>54DBFBB54DC04534D8AC4A13</string>
				<string>B19FAFC2EDE77945A24D3104</string>
				<string>E58F78D703B1C774C8F52F37</string>
				<string>AD56663EDAB73C1F7E3503FF</string>
				<string>E8CD4E5C0C26BAAE4F2670CD</string>
				<string>70D4F7B1A91F3B7A64F66D80</string>
				<string>02A69349A96191AA87399A53</string>
				<string>3A03153E0A26659C920EE029</string>
				<string>8A9DDC29388BA52FF2D97EB7</string>
				<string>3AB2939D09DD6530086297FB</string>
				<string>8C3B4076BAB0FD8AABB253D9</string>
				<string>C9FB5D1E9DAD85E69FF24ABE</string>
				<string>ACB67A52F9C1A6B341C3032F</string>
				<string>6084E3313094D37B952D69EA</string>
				<string>A24C0B51A3FF59A97E65D6F9</string>
				<string>C1BA19F657F22CB251DE50A6</string>
				<string>B6070F6BB4B6C600C5F1DB00</string>
				<string>2B49EC554765139FE6C42B67</string>
				<string>1D8762DC12419D9ACF21634F</string>
				<string>DC7954EB31531B5E685150AC</string>
				<string>155A11ECA1322CA53A6FE7BD</string>
			</array>
			<key>isa</key>
			<string>PBXSourcesBuildPhase</string>
			<key>runOnlyForDeploymentPostprocessing</key>
			<string>0</string>
		</dict>
		<key>18DDA0AB53D04EABA4B45CED</key>
		<dict>
			<key>fileRef</key>
			<string>4981C47179DE4BC89E3DCBD7</string>
			<key>isa</key>
			<string>PBXBuildFile</string>
		</dict>
		<key>215695FC8D814385B96506A1</key>
		<dict>
			<key>buildActionMask</key>
			<string>2147483647</string>
			<key>files</key>
			<array/>
			<key>isa</key>
			<string>PBXFrameworksBuildPhase</string>
			<key>runOnlyForDeploymentPostprocessing</key>
			<string>0</string>
		</dict>
		<key>2261772CE0ED4F078684F0E1</key>
		<dict>
			<key>fileRef</key>
			<string>DB66260B388A44E8BA4250F9</string>
			<key>isa</key>
			<string>PBXBuildFile</string>
		</dict>
		<key>230950C222674580BEE4E775</key>
		<dict>
			<key>isa</key>
			<string>PBXFileReference</string>
			<key>lastKnownFileType</key>
			<string>sourcecode.swift</string>
			<key>path</key>
			<string>Views/Lock/VaultLockView.swift</string>
			<key>sourceTree</key>
			<string>&lt;group&gt;</string>
		</dict>
		<key>2617E7BF49BF48218833B1EB</key>
		<dict>
			<key>fileRef</key>
			<string>BB9E1368A4304746963BD012</string>
			<key>isa</key>
			<string>PBXBuildFile</string>
		</dict>
		<key>27180A9DFA8345BC88692A43</key>
		<dict>
			<key>fileRef</key>
			<string>BD2266C8618D4A60B30EE9C8</string>
			<key>isa</key>
			<string>PBXBuildFile</string>
		</dict>
		<key>2AECB817D8984C4EB7257027</key>
		<dict>
			<key>buildSettings</key>
			<dict>
				<key>ASSETCATALOG_COMPILER_APPICON_NAME</key>
				<string>AppIcon</string>
				<key>ASSETCATALOG_COMPILER_GLOBAL_ACCENT_COLOR_NAME</key>
				<string>AccentColor</string>
				<key>CODE_SIGN_STYLE</key>
				<string>Automatic</string>
				<key>CURRENT_PROJECT_VERSION</key>
				<string>3</string>
				<key>ENABLE_PREVIEWS</key>
				<string>YES</string>
				<key>GENERATE_INFOPLIST_FILE</key>
				<string>YES</string>
				<key>INFOPLIST_FILE</key>
				<string>VaultX/Info.plist</string>
				<key>INFOPLIST_KEY_NSFaceIDUsageDescription</key>
				<string>VaultX uses Face ID to securely unlock your vault.</string>
				<key>INFOPLIST_KEY_UIApplicationSceneManifest_Generation</key>
				<string>YES</string>
				<key>INFOPLIST_KEY_UIApplicationSupportsIndirectInputEvents</key>
				<string>YES</string>
				<key>INFOPLIST_KEY_UILaunchScreen_Generation</key>
				<string>YES</string>
				<key>INFOPLIST_KEY_UISupportedInterfaceOrientations_iPad</key>
				<string>UIInterfaceOrientationPortrait UIInterfaceOrientationPortraitUpsideDown UIInterfaceOrientationLandscapeLeft UIInterfaceOrientationLandscapeRight</string>
				<key>INFOPLIST_KEY_UISupportedInterfaceOrientations_iPhone</key>
				<string>UIInterfaceOrientationPortrait UIInterfaceOrientationLandscapeLeft UIInterfaceOrientationLandscapeRight</string>
				<key>IPHONEOS_DEPLOYMENT_TARGET</key>
				<string>17.0</string>
				<key>LD_RUNPATH_SEARCH_PATHS</key>
				<array>
					<string>$(inherited)</string>
					<string>@executable_path/Frameworks</string>
				</array>
				<key>MARKETING_VERSION</key>
				<string>1.3.0</string>
				<key>PRODUCT_BUNDLE_IDENTIFIER</key>
				<string>com.smartsphere.VaultX</string>
				<key>PRODUCT_NAME</key>
				<string>VaultX</string>
				<key>SWIFT_EMIT_LOC_STRINGS</key>
				<string>YES</string>
				<key>SWIFT_VERSION</key>
				<string>5.0</string>
				<key>TARGETED_DEVICE_FAMILY</key>
				<string>1</string>
				<key>INFOPLIST_KEY_NSCameraUsageDescription</key>
				<string>VaultX uses the camera only to scan two-factor authentication QR codes locally on your device.</string>
			</dict>
			<key>isa</key>
			<string>XCBuildConfiguration</string>
			<key>name</key>
			<string>Debug</string>
		</dict>
		<key>343A1EF9215A49C5B97657B6</key>
		<dict>
			<key>fileRef</key>
			<string>230950C222674580BEE4E775</string>
			<key>isa</key>
			<string>PBXBuildFile</string>
		</dict>
		<key>381FA8CF7C6246CBA4BC30F2</key>
		<dict>
			<key>buildActionMask</key>
			<string>2147483647</string>
			<key>files</key>
			<array>
				<string>8FFC03F1938243F881657401</string>
				<string>BACECF5B56D2478E9BBF60F1</string>
				<string>27180A9DFA8345BC88692A43</string>
				<string>D2E5DA60A38D4FE1B5A62934</string>
				<string>890C8E8B4BBB4F4FAEFFC6ED</string>
				<string>1E1ED486DC420C58E0B78FBE</string>
				<string>5EB7A9339B536D00BD1131D1</string>
				<string>B9B8C06DCDDE90D3456207B8</string>
				<string>B9E16DC53C7FF5EAADD6A0D9</string>
			</array>
			<key>isa</key>
			<string>PBXSourcesBuildPhase</string>
			<key>runOnlyForDeploymentPostprocessing</key>
			<string>0</string>
		</dict>
		<key>3889A984378B4170AA404BDB</key>
		<dict>
			<key>attributes</key>
			<dict>
				<key>LastSwiftUpdateCheck</key>
				<string>1500</string>
				<key>LastUpgradeCheck</key>
				<string>1500</string>
			</dict>
			<key>buildConfigurationList</key>
			<string>DD3C2C4E1FC849C0A8411A2F</string>
			<key>compatibilityVersion</key>
			<string>Xcode 14.0</string>
			<key>developmentRegion</key>
			<string>en</string>
			<key>hasScannedForEncodings</key>
			<string>0</string>
			<key>isa</key>
			<string>PBXProject</string>
			<key>knownRegions</key>
			<array>
				<string>en</string>
				<string>Base</string>
			</array>
			<key>mainGroup</key>
			<string>3FB5843E5CFB4607A1B87A44</string>
			<key>productRefGroup</key>
			<string>70858669185C4EA5850B6820</string>
			<key>projectDirPath</key>
			<string></string>
			<key>projectRoot</key>
			<string></string>
			<key>targets</key>
			<array>
				<string>872C1BC1E51548A2A5D6040E</string>
				<string>DE4DAC433D63424583D14361</string>
			</array>
		</dict>
		<key>3FB5843E5CFB4607A1B87A44</key>
		<dict>
			<key>children</key>
			<array>
				<string>706B6ECF2C294CF2A54B0191</string>
				<string>67B0812420FB4B69BED6A3A2</string>
				<string>70858669185C4EA5850B6820</string>
			</array>
			<key>isa</key>
			<string>PBXGroup</string>
			<key>sourceTree</key>
			<string>&lt;group&gt;</string>
		</dict>
		<key>440F75C50C93446998DB8106</key>
		<dict>
			<key>isa</key>
			<string>PBXFileReference</string>
			<key>lastKnownFileType</key>
			<string>sourcecode.swift</string>
			<key>path</key>
			<string>Models/PasscodeVerificationResult.swift</string>
			<key>sourceTree</key>
			<string>&lt;group&gt;</string>
		</dict>
		<key>4981C47179DE4BC89E3DCBD7</key>
		<dict>
			<key>isa</key>
			<string>PBXFileReference</string>
			<key>lastKnownFileType</key>
			<string>sourcecode.swift</string>
			<key>path</key>
			<string>Services/BiometricAuthenticationService.swift</string>
			<key>sourceTree</key>
			<string>&lt;group&gt;</string>
		</dict>
		<key>4B86B37D89964D0687DCE373</key>
		<dict>
			<key>isa</key>
			<string>PBXFileReference</string>
			<key>lastKnownFileType</key>
			<string>sourcecode.swift</string>
			<key>path</key>
			<string>AppLockStateTests.swift</string>
			<key>sourceTree</key>
			<string>&lt;group&gt;</string>
		</dict>
		<key>58545994A490463980C916B3</key>
		<dict>
			<key>isa</key>
			<string>PBXFileReference</string>
			<key>lastKnownFileType</key>
			<string>sourcecode.swift</string>
			<key>path</key>
			<string>Models/PasscodeValidator.swift</string>
			<key>sourceTree</key>
			<string>&lt;group&gt;</string>
		</dict>
		<key>587A4699F607402CA7FA41E1</key>
		<dict>
			<key>fileRef</key>
			<string>EEAB78264C1D4E98994F3BDF</string>
			<key>isa</key>
			<string>PBXBuildFile</string>
		</dict>
		<key>5A8C672D0FB54EBDAFC41C42</key>
		<dict>
			<key>isa</key>
			<string>PBXFileReference</string>
			<key>lastKnownFileType</key>
			<string>sourcecode.swift</string>
			<key>path</key>
			<string>Services/FaceIDPreferenceStore.swift</string>
			<key>sourceTree</key>
			<string>&lt;group&gt;</string>
		</dict>
		<key>5AFABC52239E413B95CC0B0A</key>
		<dict>
			<key>fileRef</key>
			<string>F2223859BF2A4D168F34664F</string>
			<key>isa</key>
			<string>PBXBuildFile</string>
		</dict>
		<key>5D5AE00291284E6CB4A343CC</key>
		<dict>
			<key>fileRef</key>
			<string>6CECB81354694E1894A99C2C</string>
			<key>isa</key>
			<string>PBXBuildFile</string>
		</dict>
		<key>5F6A576515734B0DB68F6274</key>
		<dict>
			<key>isa</key>
			<string>PBXFileReference</string>
			<key>lastKnownFileType</key>
			<string>sourcecode.swift</string>
			<key>path</key>
			<string>Views/Shared/PasscodeDotsView.swift</string>
			<key>sourceTree</key>
			<string>&lt;group&gt;</string>
		</dict>
		<key>6697A9833DAB4833AB6BD04E</key>
		<dict>
			<key>fileRef</key>
			<string>58545994A490463980C916B3</string>
			<key>isa</key>
			<string>PBXBuildFile</string>
		</dict>
		<key>67B0812420FB4B69BED6A3A2</key>
		<dict>
			<key>children</key>
			<array>
				<string>4B86B37D89964D0687DCE373</string>
				<string>AB16A1C3542C483295E982EF</string>
				<string>BD2266C8618D4A60B30EE9C8</string>
				<string>C0D54C1D055842C1897DE647</string>
				<string>884CAFE1019143D59F1C11B5</string>
				<string>CD6E60B5B28C698C99168DD0</string>
				<string>0863BB3EF5A40AAEC7E8DDAC</string>
				<string>577FAA88189E68B2EADD3075</string>
				<string>B61FB907E6D0CA0434CF7A19</string>
			</array>
			<key>isa</key>
			<string>PBXGroup</string>
			<key>path</key>
			<string>VaultXTests</string>
			<key>sourceTree</key>
			<string>&lt;group&gt;</string>
		</dict>
		<key>6A7F443B16A9429DBEBF0811</key>
		<dict>
			<key>fileRef</key>
			<string>C419E8ABEA5145CB9DB3D83D</string>
			<key>isa</key>
			<string>PBXBuildFile</string>
		</dict>
		<key>6CECB81354694E1894A99C2C</key>
		<dict>
			<key>isa</key>
			<string>PBXFileReference</string>
			<key>lastKnownFileType</key>
			<string>sourcecode.swift</string>
			<key>path</key>
			<string>Views/Shared/NumberKeyView.swift</string>
			<key>sourceTree</key>
			<string>&lt;group&gt;</string>
		</dict>
		<key>6D1FD18BC24C4023B6F52C1B</key>
		<dict>
			<key>buildSettings</key>
			<dict>
				<key>ALWAYS_SEARCH_USER_PATHS</key>
				<string>NO</string>
				<key>CLANG_ANALYZER_NONNULL</key>
				<string>YES</string>
				<key>CLANG_ANALYZER_NUMBER_OBJECT_CONVERSION</key>
				<string>YES_AGGRESSIVE</string>
				<key>CLANG_CXX_LANGUAGE_STANDARD</key>
				<string>gnu++20</string>
				<key>CLANG_ENABLE_MODULES</key>
				<string>YES</string>
				<key>CLANG_ENABLE_OBJC_ARC</key>
				<string>YES</string>
				<key>CLANG_ENABLE_OBJC_WEAK</key>
				<string>YES</string>
				<key>CLANG_WARN_BLOCK_CAPTURE_AUTORELEASING</key>
				<string>YES</string>
				<key>CLANG_WARN_BOOL_CONVERSION</key>
				<string>YES</string>
				<key>CLANG_WARN_COMMA</key>
				<string>YES</string>
				<key>CLANG_WARN_CONSTANT_CONVERSION</key>
				<string>YES</string>
				<key>CLANG_WARN_DEPRECATED_OBJC_IMPLEMENTATIONS</key>
				<string>YES</string>
				<key>CLANG_WARN_DIRECT_OBJC_ISA_USAGE</key>
				<string>YES_ERROR</string>
				<key>CLANG_WARN_DOCUMENTATION_COMMENTS</key>
				<string>YES</string>
				<key>CLANG_WARN_EMPTY_BODY</key>
				<string>YES</string>
				<key>CLANG_WARN_ENUM_CONVERSION</key>
				<string>YES</string>
				<key>CLANG_WARN_INFINITE_RECURSION</key>
				<string>YES</string>
				<key>CLANG_WARN_INT_CONVERSION</key>
				<string>YES</string>
				<key>CLANG_WARN_NON_LITERAL_NULL_CONVERSION</key>
				<string>YES</string>
				<key>CLANG_WARN_OBJC_IMPLICIT_RETAIN_SELF</key>
				<string>YES</string>
				<key>CLANG_WARN_OBJC_LITERAL_CONVERSION</key>
				<string>YES</string>
				<key>CLANG_WARN_OBJC_ROOT_CLASS</key>
				<string>YES_ERROR</string>
				<key>CLANG_WARN_QUOTED_INCLUDE_IN_FRAMEWORK_HEADER</key>
				<string>YES</string>
				<key>CLANG_WARN_RANGE_LOOP_ANALYSIS</key>
				<string>YES</string>
				<key>CLANG_WARN_STRICT_PROTOTYPES</key>
				<string>YES</string>
				<key>CLANG_WARN_SUSPICIOUS_MOVE</key>
				<string>YES</string>
				<key>CLANG_WARN_UNGUARDED_AVAILABILITY</key>
				<string>YES_AGGRESSIVE</string>
				<key>CLANG_WARN_UNREACHABLE_CODE</key>
				<string>YES</string>
				<key>CLANG_WARN__DUPLICATE_METHOD_MATCH</key>
				<string>YES</string>
				<key>COPY_PHASE_STRIP</key>
				<string>NO</string>
				<key>DEBUG_INFORMATION_FORMAT</key>
				<string>dwarf</string>
				<key>ENABLE_STRICT_OBJC_MSGSEND</key>
				<string>YES</string>
				<key>ENABLE_TESTABILITY</key>
				<string>YES</string>
				<key>GCC_C_LANGUAGE_STANDARD</key>
				<string>gnu17</string>
				<key>GCC_DYNAMIC_NO_PIC</key>
				<string>NO</string>
				<key>GCC_NO_COMMON_BLOCKS</key>
				<string>YES</string>
				<key>GCC_OPTIMIZATION_LEVEL</key>
				<string>0</string>
				<key>GCC_PREPROCESSOR_DEFINITIONS</key>
				<array>
					<string>DEBUG=1</string>
					<string>$(inherited)</string>
				</array>
				<key>GCC_WARN_64_TO_32_BIT_CONVERSION</key>
				<string>YES</string>
				<key>GCC_WARN_ABOUT_RETURN_TYPE</key>
				<string>YES_ERROR</string>
				<key>GCC_WARN_UNDECLARED_SELECTOR</key>
				<string>YES</string>
				<key>GCC_WARN_UNINITIALIZED_AUTOS</key>
				<string>YES_AGGRESSIVE</string>
				<key>GCC_WARN_UNUSED_FUNCTION</key>
				<string>YES</string>
				<key>GCC_WARN_UNUSED_VARIABLE</key>
				<string>YES</string>
				<key>IPHONEOS_DEPLOYMENT_TARGET</key>
				<string>17.0</string>
				<key>MTL_ENABLE_DEBUG_INFO</key>
				<string>INCLUDE_SOURCE</string>
				<key>MTL_FAST_MATH</key>
				<string>YES</string>
				<key>ONLY_ACTIVE_ARCH</key>
				<string>YES</string>
				<key>SDKROOT</key>
				<string>iphoneos</string>
				<key>SWIFT_ACTIVE_COMPILATION_CONDITIONS</key>
				<array>
					<string>DEBUG</string>
					<string>$(inherited)</string>
				</array>
				<key>SWIFT_OPTIMIZATION_LEVEL</key>
				<string>-Onone</string>
			</dict>
			<key>isa</key>
			<string>XCBuildConfiguration</string>
			<key>name</key>
			<string>Debug</string>
		</dict>
		<key>6FF357B94F0C41E5B6227FF2</key>
		<dict>
			<key>fileRef</key>
			<string>5F6A576515734B0DB68F6274</string>
			<key>isa</key>
			<string>PBXBuildFile</string>
		</dict>
		<key>706B6ECF2C294CF2A54B0191</key>
		<dict>
			<key>children</key>
			<array>
				<string>C419E8ABEA5145CB9DB3D83D</string>
				<string>EEAB78264C1D4E98994F3BDF</string>
				<string>BB9E1368A4304746963BD012</string>
				<string>E2C3E454A6284EEC89603448</string>
				<string>58545994A490463980C916B3</string>
				<string>440F75C50C93446998DB8106</string>
				<string>8D9A84C92CE74437B3EC7918</string>
				<string>ECE3FF3C311241118210BF3A</string>
				<string>865CD5A99EC1462296916045</string>
				<string>4981C47179DE4BC89E3DCBD7</string>
				<string>5A8C672D0FB54EBDAFC41C42</string>
				<string>DB66260B388A44E8BA4250F9</string>
				<string>A4B03FF3D6FB46C5BC3F27B5</string>
				<string>A4B03FF3D6FB46C5BC3F27B6</string>
				<string>A4B03FF3D6FB46C5BC3F27B7</string>
				<string>A4B03FF3D6FB46C5BC3F27B8</string>
				<string>A4B03FF3D6FB46C5BC3F27B9</string>
				<string>A4B03FF3D6FB46C5BC3F27BA</string>
				<string>230950C222674580BEE4E775</string>
				<string>A50B1EA5BD6347439622ADE8</string>
				<string>D7E7B5E847E04E78ACB7B8D1</string>
				<string>0CB1525010E1458A87621ADA</string>
				<string>6CECB81354694E1894A99C2C</string>
				<string>F2223859BF2A4D168F34664F</string>
				<string>5F6A576515734B0DB68F6274</string>
				<string>86403C505DC74F01807D7447</string>
				<string>7DC0D52C142F4D1394E555A3</string>
				<string>155D194331A64EA584533A1A</string>
				<string>BE799F8343CE4D648D088B80</string>
				<string>719A03EA40FD41108BDF5EE8</string>
				<string>B9914AEC7D9B43AFAD5C7258</string>
				<string>E0ADA9A8168A4847BC7098E0</string>
				<string>FE75061F0567420BA78FD044</string>
				<string>E4AA6762C6CB4C4F8D0C8C92</string>
				<string>575EB0013EB9467AA2F54D01</string>
				<string>B426ACB4E8D64A20AA3FDE13</string>
				<string>332BDAC327DE4CF795572346</string>
				<string>268B0B65B9964AAE858B4F4F</string>
				<string>45B9D1D6CA914E1ABC904170</string>
				<string>AEC0B00EBE2E46BB9562B2C8</string>
				<string>E0F2A83786754F5F870A330C</string>
				<string>6DF739F523E143B3BA8D05C7</string>
				<string>C3567D1C7C3B48F2B4B279F5</string>
				<string>1A03C34B78E4438BB2874847</string>
				<string>6E57715FFA4044638330B4CD</string>
				<string>3C086570B5D14724BFC0BBF2</string>
				<string>943E0FDCB9BE4AC288421415</string>
				<string>5B0CD9A68415D118FDE610E6</string>
				<string>3B687288DA1A5D3E7083231E</string>
				<string>F0EDFB1DAD337BDBF8F66808</string>
				<string>B39A44CA71FDE2005C02F6E9</string>
				<string>3071875925120B29434BA088</string>
				<string>C29DA3EE72A0CECDDBBFBB59</string>
				<string>3BA447213174434D7962250B</string>
				<string>EBCE26E7925B391466DC7CBB</string>
				<string>4CE3C23395ECC2FBEBEAAF56</string>
				<string>2531622CD242BD1B0A032212</string>
				<string>50368FD334A3685C80CC2CBE</string>
				<string>F212E15067F2470A8BC9BFED</string>
				<string>42DF7FF014B1182FB366B9BE</string>
				<string>0B9422D4ED43A21F96015630</string>
				<string>331CF4D5AD851707EDD7E067</string>
				<string>BC84A84792BB2DB9BA2B8736</string>
				<string>4B81B4227260A5831325AAB7</string>
				<string>49CD71A3EC290DE8CC074394</string>
				<string>5D4B43A74FC6E4F7CFF6C8C7</string>
				<string>74B07641BE96FFBD954D5C73</string>
				<string>2022029D8F265E7D3E47CEE7</string>
			</array>
			<key>isa</key>
			<string>PBXGroup</string>
			<key>path</key>
			<string>VaultX</string>
			<key>sourceTree</key>
			<string>&lt;group&gt;</string>
		</dict>
		<key>70858669185C4EA5850B6820</key>
		<dict>
			<key>children</key>
			<array>
				<string>862ADCBB179F404EB81863D8</string>
				<string>B76F8E39868E4102AD2E2EB2</string>
			</array>
			<key>isa</key>
			<string>PBXGroup</string>
			<key>name</key>
			<string>Products</string>
			<key>sourceTree</key>
			<string>&lt;group&gt;</string>
		</dict>
		<key>72179DBC34D34CAD94596744</key>
		<dict>
			<key>buildActionMask</key>
			<string>2147483647</string>
			<key>files</key>
			<array/>
			<key>isa</key>
			<string>PBXResourcesBuildPhase</string>
			<key>runOnlyForDeploymentPostprocessing</key>
			<string>0</string>
		</dict>
		<key>7DC0D52C142F4D1394E555A3</key>
		<dict>
			<key>isa</key>
			<string>PBXFileReference</string>
			<key>lastKnownFileType</key>
			<string>folder.assetcatalog</string>
			<key>path</key>
			<string>Assets.xcassets</string>
			<key>sourceTree</key>
			<string>&lt;group&gt;</string>
		</dict>
		<key>862ADCBB179F404EB81863D8</key>
		<dict>
			<key>explicitFileType</key>
			<string>wrapper.application</string>
			<key>includeInIndex</key>
			<string>0</string>
			<key>isa</key>
			<string>PBXFileReference</string>
			<key>path</key>
			<string>VaultX.app</string>
			<key>sourceTree</key>
			<string>BUILT_PRODUCTS_DIR</string>
		</dict>
		<key>86403C505DC74F01807D7447</key>
		<dict>
			<key>isa</key>
			<string>PBXFileReference</string>
			<key>lastKnownFileType</key>
			<string>text.plist.xml</string>
			<key>path</key>
			<string>Info.plist</string>
			<key>sourceTree</key>
			<string>&lt;group&gt;</string>
		</dict>
		<key>865CD5A99EC1462296916045</key>
		<dict>
			<key>isa</key>
			<string>PBXFileReference</string>
			<key>lastKnownFileType</key>
			<string>sourcecode.swift</string>
			<key>path</key>
			<string>Services/BiometricAuthenticating.swift</string>
			<key>sourceTree</key>
			<string>&lt;group&gt;</string>
		</dict>
		<key>872C1BC1E51548A2A5D6040E</key>
		<dict>
			<key>buildConfigurationList</key>
			<string>E8A1E772D9C247888B4BD31A</string>
			<key>buildPhases</key>
			<array>
				<string>1052E8E770DF45628B322F5D</string>
				<string>BC72A5CE61C747E0A12F2AE3</string>
				<string>A2F45C7375F147A992A6F23A</string>
			</array>
			<key>buildRules</key>
			<array/>
			<key>dependencies</key>
			<array/>
			<key>isa</key>
			<string>PBXNativeTarget</string>
			<key>name</key>
			<string>VaultX</string>
			<key>productName</key>
			<string>VaultX</string>
			<key>productReference</key>
			<string>862ADCBB179F404EB81863D8</string>
			<key>productType</key>
			<string>com.apple.product-type.application</string>
		</dict>
		<key>8D9A84C92CE74437B3EC7918</key>
		<dict>
			<key>isa</key>
			<string>PBXFileReference</string>
			<key>lastKnownFileType</key>
			<string>sourcecode.swift</string>
			<key>path</key>
			<string>PreviewSupport/PreviewDependencies.swift</string>
			<key>sourceTree</key>
			<string>&lt;group&gt;</string>
		</dict>
		<key>8FFC03F1938243F881657401</key>
		<dict>
			<key>fileRef</key>
			<string>4B86B37D89964D0687DCE373</string>
			<key>isa</key>
			<string>PBXBuildFile</string>
		</dict>
		<key>95EA0D444E38419797F4B068</key>
		<dict>
			<key>isa</key>
			<string>PBXTargetDependency</string>
			<key>target</key>
			<string>872C1BC1E51548A2A5D6040E</string>
			<key>targetProxy</key>
			<string>9632C805EF754ABFA62B0F01</string>
		</dict>
		<key>9632C805EF754ABFA62B0F01</key>
		<dict>
			<key>containerPortal</key>
			<string>3889A984378B4170AA404BDB</string>
			<key>isa</key>
			<string>PBXContainerItemProxy</string>
			<key>proxyType</key>
			<string>1</string>
			<key>remoteGlobalIDString</key>
			<string>872C1BC1E51548A2A5D6040E</string>
			<key>remoteInfo</key>
			<string>VaultX</string>
		</dict>
		<key>A1EC92E053324330985324CA</key>
		<dict>
			<key>buildSettings</key>
			<dict>
				<key>ALWAYS_EMBED_SWIFT_STANDARD_LIBRARIES</key>
				<string>YES</string>
				<key>BUNDLE_LOADER</key>
				<string>$(TEST_HOST)</string>
				<key>CODE_SIGN_STYLE</key>
				<string>Automatic</string>
				<key>CURRENT_PROJECT_VERSION</key>
				<string>2</string>
				<key>IPHONEOS_DEPLOYMENT_TARGET</key>
				<string>17.0</string>
				<key>LD_RUNPATH_SEARCH_PATHS</key>
				<array>
					<string>$(inherited)</string>
					<string>@executable_path/Frameworks</string>
					<string>@loader_path/Frameworks</string>
				</array>
				<key>PRODUCT_BUNDLE_IDENTIFIER</key>
				<string>com.smartsphere.VaultXTests</string>
				<key>PRODUCT_NAME</key>
				<string>VaultXTests</string>
				<key>SWIFT_EMIT_LOC_STRINGS</key>
				<string>NO</string>
				<key>SWIFT_VERSION</key>
				<string>5.0</string>
				<key>TARGETED_DEVICE_FAMILY</key>
				<string>1,2</string>
				<key>TEST_HOST</key>
				<string>$(BUILT_PRODUCTS_DIR)/VaultX.app/VaultX</string>
			</dict>
			<key>isa</key>
			<string>XCBuildConfiguration</string>
			<key>name</key>
			<string>Debug</string>
		</dict>
		<key>A2F45C7375F147A992A6F23A</key>
		<dict>
			<key>buildActionMask</key>
			<string>2147483647</string>
			<key>files</key>
			<array>
				<string>A9FDB1A37CC04D86983123C9</string>
			</array>
			<key>isa</key>
			<string>PBXResourcesBuildPhase</string>
			<key>runOnlyForDeploymentPostprocessing</key>
			<string>0</string>
		</dict>
		<key>A4B03FF3D6FB46C5BC3F27B5</key>
		<dict>
			<key>isa</key>
			<string>PBXFileReference</string>
			<key>lastKnownFileType</key>
			<string>sourcecode.swift</string>
			<key>path</key>
			<string>Views/Home/VaultHomeView.swift</string>
			<key>sourceTree</key>
			<string>&lt;group&gt;</string>
		</dict>
		<key>A4B03FF3D6FB46C5BC3F27B6</key>
		<dict>
			<key>isa</key>
			<string>PBXFileReference</string>
			<key>lastKnownFileType</key>
			<string>sourcecode.swift</string>
			<key>path</key>
			<string>Models/VaultAccount.swift</string>
			<key>sourceTree</key>
			<string>&lt;group&gt;</string>
		</dict>
		<key>A4B03FF3D6FB46C5BC3F27B7</key>
		<dict>
			<key>isa</key>
			<string>PBXFileReference</string>
			<key>lastKnownFileType</key>
			<string>sourcecode.swift</string>
			<key>path</key>
			<string>Stores/VaultAccountsStore.swift</string>
			<key>sourceTree</key>
			<string>&lt;group&gt;</string>
		</dict>
		<key>A4B03FF3D6FB46C5BC3F27B8</key>
		<dict>
			<key>isa</key>
			<string>PBXFileReference</string>
			<key>lastKnownFileType</key>
			<string>sourcecode.swift</string>
			<key>path</key>
			<string>Views/Home/AccountCardView.swift</string>
			<key>sourceTree</key>
			<string>&lt;group&gt;</string>
		</dict>
		<key>A4B03FF3D6FB46C5BC3F27B9</key>
		<dict>
			<key>isa</key>
			<string>PBXFileReference</string>
			<key>lastKnownFileType</key>
			<string>sourcecode.swift</string>
			<key>path</key>
			<string>Views/Home/AddAccountView.swift</string>
			<key>sourceTree</key>
			<string>&lt;group&gt;</string>
		</dict>
		<key>A4B03FF3D6FB46C5BC3F27BA</key>
		<dict>
			<key>isa</key>
			<string>PBXFileReference</string>
			<key>lastKnownFileType</key>
			<string>sourcecode.swift</string>
			<key>path</key>
			<string>Views/Home/AccountDetailView.swift</string>
			<key>sourceTree</key>
			<string>&lt;group&gt;</string>
		</dict>
		<key>A50B1EA5BD6347439622ADE8</key>
		<dict>
			<key>isa</key>
			<string>PBXFileReference</string>
			<key>lastKnownFileType</key>
			<string>sourcecode.swift</string>
			<key>path</key>
			<string>Views/Setup/ConfirmPasscodeView.swift</string>
			<key>sourceTree</key>
			<string>&lt;group&gt;</string>
		</dict>
		<key>A9FDB1A37CC04D86983123C9</key>
		<dict>
			<key>fileRef</key>
			<string>7DC0D52C142F4D1394E555A3</string>
			<key>isa</key>
			<string>PBXBuildFile</string>
		</dict>
		<key>AB16A1C3542C483295E982EF</key>
		<dict>
			<key>isa</key>
			<string>PBXFileReference</string>
			<key>lastKnownFileType</key>
			<string>sourcecode.swift</string>
			<key>path</key>
			<string>MockPasscodeStore.swift</string>
			<key>sourceTree</key>
			<string>&lt;group&gt;</string>
		</dict>
		<key>AEC4D3C6DC3344C58AFF9B4D</key>
		<dict>
			<key>buildSettings</key>
			<dict>
				<key>ASSETCATALOG_COMPILER_APPICON_NAME</key>
				<string>AppIcon</string>
				<key>ASSETCATALOG_COMPILER_GLOBAL_ACCENT_COLOR_NAME</key>
				<string>AccentColor</string>
				<key>CODE_SIGN_STYLE</key>
				<string>Automatic</string>
				<key>CURRENT_PROJECT_VERSION</key>
				<string>3</string>
				<key>ENABLE_PREVIEWS</key>
				<string>YES</string>
				<key>GENERATE_INFOPLIST_FILE</key>
				<string>YES</string>
				<key>INFOPLIST_FILE</key>
				<string>VaultX/Info.plist</string>
				<key>INFOPLIST_KEY_NSFaceIDUsageDescription</key>
				<string>VaultX uses Face ID to securely unlock your vault.</string>
				<key>INFOPLIST_KEY_UIApplicationSceneManifest_Generation</key>
				<string>YES</string>
				<key>INFOPLIST_KEY_UIApplicationSupportsIndirectInputEvents</key>
				<string>YES</string>
				<key>INFOPLIST_KEY_UILaunchScreen_Generation</key>
				<string>YES</string>
				<key>INFOPLIST_KEY_UISupportedInterfaceOrientations_iPad</key>
				<string>UIInterfaceOrientationPortrait UIInterfaceOrientationPortraitUpsideDown UIInterfaceOrientationLandscapeLeft UIInterfaceOrientationLandscapeRight</string>
				<key>INFOPLIST_KEY_UISupportedInterfaceOrientations_iPhone</key>
				<string>UIInterfaceOrientationPortrait UIInterfaceOrientationLandscapeLeft UIInterfaceOrientationLandscapeRight</string>
				<key>IPHONEOS_DEPLOYMENT_TARGET</key>
				<string>17.0</string>
				<key>LD_RUNPATH_SEARCH_PATHS</key>
				<array>
					<string>$(inherited)</string>
					<string>@executable_path/Frameworks</string>
				</array>
				<key>MARKETING_VERSION</key>
				<string>1.3.0</string>
				<key>PRODUCT_BUNDLE_IDENTIFIER</key>
				<string>com.smartsphere.VaultX</string>
				<key>PRODUCT_NAME</key>
				<string>VaultX</string>
				<key>SWIFT_EMIT_LOC_STRINGS</key>
				<string>YES</string>
				<key>SWIFT_VERSION</key>
				<string>5.0</string>
				<key>TARGETED_DEVICE_FAMILY</key>
				<string>1</string>
				<key>INFOPLIST_KEY_NSCameraUsageDescription</key>
				<string>VaultX uses the camera only to scan two-factor authentication QR codes locally on your device.</string>
			</dict>
			<key>isa</key>
			<string>XCBuildConfiguration</string>
			<key>name</key>
			<string>Release</string>
		</dict>
		<key>B080D260F652448AAF29240B</key>
		<dict>
			<key>buildConfigurations</key>
			<array>
				<string>A1EC92E053324330985324CA</string>
				<string>E00789FBF783456DB9CF0021</string>
			</array>
			<key>defaultConfigurationIsVisible</key>
			<string>0</string>
			<key>defaultConfigurationName</key>
			<string>Release</string>
			<key>isa</key>
			<string>XCConfigurationList</string>
		</dict>
		<key>B553EE394EB44400AE56BCEA</key>
		<dict>
			<key>fileRef</key>
			<string>A4B03FF3D6FB46C5BC3F27B5</string>
			<key>isa</key>
			<string>PBXBuildFile</string>
		</dict>
		<key>B553EE394EB44400AE56BCEB</key>
		<dict>
			<key>fileRef</key>
			<string>A4B03FF3D6FB46C5BC3F27B6</string>
			<key>isa</key>
			<string>PBXBuildFile</string>
		</dict>
		<key>B553EE394EB44400AE56BCEC</key>
		<dict>
			<key>fileRef</key>
			<string>A4B03FF3D6FB46C5BC3F27B7</string>
			<key>isa</key>
			<string>PBXBuildFile</string>
		</dict>
		<key>B553EE394EB44400AE56BCED</key>
		<dict>
			<key>fileRef</key>
			<string>A4B03FF3D6FB46C5BC3F27B8</string>
			<key>isa</key>
			<string>PBXBuildFile</string>
		</dict>
		<key>B553EE394EB44400AE56BCEE</key>
		<dict>
			<key>fileRef</key>
			<string>A4B03FF3D6FB46C5BC3F27B9</string>
			<key>isa</key>
			<string>PBXBuildFile</string>
		</dict>
		<key>B553EE394EB44400AE56BCEF</key>
		<dict>
			<key>fileRef</key>
			<string>A4B03FF3D6FB46C5BC3F27BA</string>
			<key>isa</key>
			<string>PBXBuildFile</string>
		</dict>
		<key>B76F8E39868E4102AD2E2EB2</key>
		<dict>
			<key>explicitFileType</key>
			<string>wrapper.cfbundle</string>
			<key>includeInIndex</key>
			<string>0</string>
			<key>isa</key>
			<string>PBXFileReference</string>
			<key>path</key>
			<string>VaultXTests.xctest</string>
			<key>sourceTree</key>
			<string>BUILT_PRODUCTS_DIR</string>
		</dict>
		<key>BACECF5B56D2478E9BBF60F1</key>
		<dict>
			<key>fileRef</key>
			<string>AB16A1C3542C483295E982EF</string>
			<key>isa</key>
			<string>PBXBuildFile</string>
		</dict>
		<key>BB9E1368A4304746963BD012</key>
		<dict>
			<key>isa</key>
			<string>PBXFileReference</string>
			<key>lastKnownFileType</key>
			<string>sourcecode.swift</string>
			<key>path</key>
			<string>Models/AppLockState.swift</string>
			<key>sourceTree</key>
			<string>&lt;group&gt;</string>
		</dict>
		<key>BC72A5CE61C747E0A12F2AE3</key>
		<dict>
			<key>buildActionMask</key>
			<string>2147483647</string>
			<key>files</key>
			<array/>
			<key>isa</key>
			<string>PBXFrameworksBuildPhase</string>
			<key>runOnlyForDeploymentPostprocessing</key>
			<string>0</string>
		</dict>
		<key>BD2266C8618D4A60B30EE9C8</key>
		<dict>
			<key>isa</key>
			<string>PBXFileReference</string>
			<key>lastKnownFileType</key>
			<string>sourcecode.swift</string>
			<key>path</key>
			<string>PasscodeValidationTests.swift</string>
			<key>sourceTree</key>
			<string>&lt;group&gt;</string>
		</dict>
		<key>C419E8ABEA5145CB9DB3D83D</key>
		<dict>
			<key>isa</key>
			<string>PBXFileReference</string>
			<key>lastKnownFileType</key>
			<string>sourcecode.swift</string>
			<key>path</key>
			<string>AppRootView.swift</string>
			<key>sourceTree</key>
			<string>&lt;group&gt;</string>
		</dict>
		<key>C84D01F7EADF41BDAC7F12BB</key>
		<dict>
			<key>fileRef</key>
			<string>865CD5A99EC1462296916045</string>
			<key>isa</key>
			<string>PBXBuildFile</string>
		</dict>
		<key>CD72D279177846C09F69FE74</key>
		<dict>
			<key>fileRef</key>
			<string>0CB1525010E1458A87621ADA</string>
			<key>isa</key>
			<string>PBXBuildFile</string>
		</dict>
		<key>CE27ACE478324090B8ED2CFC</key>
		<dict>
			<key>fileRef</key>
			<string>A50B1EA5BD6347439622ADE8</string>
			<key>isa</key>
			<string>PBXBuildFile</string>
		</dict>
		<key>D07D7B1E366D489290DD0A98</key>
		<dict>
			<key>fileRef</key>
			<string>ECE3FF3C311241118210BF3A</string>
			<key>isa</key>
			<string>PBXBuildFile</string>
		</dict>
		<key>D6A51FB92F5B4FD89356467F</key>
		<dict>
			<key>fileRef</key>
			<string>440F75C50C93446998DB8106</string>
			<key>isa</key>
			<string>PBXBuildFile</string>
		</dict>
		<key>D7E7B5E847E04E78ACB7B8D1</key>
		<dict>
			<key>isa</key>
			<string>PBXFileReference</string>
			<key>lastKnownFileType</key>
			<string>sourcecode.swift</string>
			<key>path</key>
			<string>Views/Setup/CreatePasscodeView.swift</string>
			<key>sourceTree</key>
			<string>&lt;group&gt;</string>
		</dict>
		<key>DB66260B388A44E8BA4250F9</key>
		<dict>
			<key>isa</key>
			<string>PBXFileReference</string>
			<key>lastKnownFileType</key>
			<string>sourcecode.swift</string>
			<key>path</key>
			<string>Services/PasscodeKeychainService.swift</string>
			<key>sourceTree</key>
			<string>&lt;group&gt;</string>
		</dict>
		<key>DD3C2C4E1FC849C0A8411A2F</key>
		<dict>
			<key>buildConfigurations</key>
			<array>
				<string>6D1FD18BC24C4023B6F52C1B</string>
				<string>ECACD66571E74DA58084E846</string>
			</array>
			<key>defaultConfigurationIsVisible</key>
			<string>0</string>
			<key>defaultConfigurationName</key>
			<string>Release</string>
			<key>isa</key>
			<string>XCConfigurationList</string>
		</dict>
		<key>DE4DAC433D63424583D14361</key>
		<dict>
			<key>buildConfigurationList</key>
			<string>B080D260F652448AAF29240B</string>
			<key>buildPhases</key>
			<array>
				<string>381FA8CF7C6246CBA4BC30F2</string>
				<string>215695FC8D814385B96506A1</string>
				<string>72179DBC34D34CAD94596744</string>
			</array>
			<key>buildRules</key>
			<array/>
			<key>dependencies</key>
			<array>
				<string>95EA0D444E38419797F4B068</string>
			</array>
			<key>isa</key>
			<string>PBXNativeTarget</string>
			<key>name</key>
			<string>VaultXTests</string>
			<key>productName</key>
			<string>VaultXTests</string>
			<key>productReference</key>
			<string>B76F8E39868E4102AD2E2EB2</string>
			<key>productType</key>
			<string>com.apple.product-type.bundle.unit-test</string>
		</dict>
		<key>E00789FBF783456DB9CF0021</key>
		<dict>
			<key>buildSettings</key>
			<dict>
				<key>ALWAYS_EMBED_SWIFT_STANDARD_LIBRARIES</key>
				<string>YES</string>
				<key>BUNDLE_LOADER</key>
				<string>$(TEST_HOST)</string>
				<key>CODE_SIGN_STYLE</key>
				<string>Automatic</string>
				<key>CURRENT_PROJECT_VERSION</key>
				<string>2</string>
				<key>IPHONEOS_DEPLOYMENT_TARGET</key>
				<string>17.0</string>
				<key>LD_RUNPATH_SEARCH_PATHS</key>
				<array>
					<string>$(inherited)</string>
					<string>@executable_path/Frameworks</string>
					<string>@loader_path/Frameworks</string>
				</array>
				<key>PRODUCT_BUNDLE_IDENTIFIER</key>
				<string>com.smartsphere.VaultXTests</string>
				<key>PRODUCT_NAME</key>
				<string>VaultXTests</string>
				<key>SWIFT_EMIT_LOC_STRINGS</key>
				<string>NO</string>
				<key>SWIFT_VERSION</key>
				<string>5.0</string>
				<key>TARGETED_DEVICE_FAMILY</key>
				<string>1,2</string>
				<key>TEST_HOST</key>
				<string>$(BUILT_PRODUCTS_DIR)/VaultX.app/VaultX</string>
			</dict>
			<key>isa</key>
			<string>XCBuildConfiguration</string>
			<key>name</key>
			<string>Release</string>
		</dict>
		<key>E2C3E454A6284EEC89603448</key>
		<dict>
			<key>isa</key>
			<string>PBXFileReference</string>
			<key>lastKnownFileType</key>
			<string>sourcecode.swift</string>
			<key>path</key>
			<string>Models/InstallationPreparationResult.swift</string>
			<key>sourceTree</key>
			<string>&lt;group&gt;</string>
		</dict>
		<key>E8A1E772D9C247888B4BD31A</key>
		<dict>
			<key>buildConfigurations</key>
			<array>
				<string>2AECB817D8984C4EB7257027</string>
				<string>AEC4D3C6DC3344C58AFF9B4D</string>
			</array>
			<key>defaultConfigurationIsVisible</key>
			<string>0</string>
			<key>defaultConfigurationName</key>
			<string>Release</string>
			<key>isa</key>
			<string>XCConfigurationList</string>
		</dict>
		<key>ECACD66571E74DA58084E846</key>
		<dict>
			<key>buildSettings</key>
			<dict>
				<key>ALWAYS_SEARCH_USER_PATHS</key>
				<string>NO</string>
				<key>CLANG_ANALYZER_NONNULL</key>
				<string>YES</string>
				<key>CLANG_ANALYZER_NUMBER_OBJECT_CONVERSION</key>
				<string>YES_AGGRESSIVE</string>
				<key>CLANG_CXX_LANGUAGE_STANDARD</key>
				<string>gnu++20</string>
				<key>CLANG_ENABLE_MODULES</key>
				<string>YES</string>
				<key>CLANG_ENABLE_OBJC_ARC</key>
				<string>YES</string>
				<key>CLANG_ENABLE_OBJC_WEAK</key>
				<string>YES</string>
				<key>CLANG_WARN_BLOCK_CAPTURE_AUTORELEASING</key>
				<string>YES</string>
				<key>CLANG_WARN_BOOL_CONVERSION</key>
				<string>YES</string>
				<key>CLANG_WARN_COMMA</key>
				<string>YES</string>
				<key>CLANG_WARN_CONSTANT_CONVERSION</key>
				<string>YES</string>
				<key>CLANG_WARN_DEPRECATED_OBJC_IMPLEMENTATIONS</key>
				<string>YES</string>
				<key>CLANG_WARN_DIRECT_OBJC_ISA_USAGE</key>
				<string>YES_ERROR</string>
				<key>CLANG_WARN_DOCUMENTATION_COMMENTS</key>
				<string>YES</string>
				<key>CLANG_WARN_EMPTY_BODY</key>
				<string>YES</string>
				<key>CLANG_WARN_ENUM_CONVERSION</key>
				<string>YES</string>
				<key>CLANG_WARN_INFINITE_RECURSION</key>
				<string>YES</string>
				<key>CLANG_WARN_INT_CONVERSION</key>
				<string>YES</string>
				<key>CLANG_WARN_NON_LITERAL_NULL_CONVERSION</key>
				<string>YES</string>
				<key>CLANG_WARN_OBJC_IMPLICIT_RETAIN_SELF</key>
				<string>YES</string>
				<key>CLANG_WARN_OBJC_LITERAL_CONVERSION</key>
				<string>YES</string>
				<key>CLANG_WARN_OBJC_ROOT_CLASS</key>
				<string>YES_ERROR</string>
				<key>CLANG_WARN_QUOTED_INCLUDE_IN_FRAMEWORK_HEADER</key>
				<string>YES</string>
				<key>CLANG_WARN_RANGE_LOOP_ANALYSIS</key>
				<string>YES</string>
				<key>CLANG_WARN_STRICT_PROTOTYPES</key>
				<string>YES</string>
				<key>CLANG_WARN_SUSPICIOUS_MOVE</key>
				<string>YES</string>
				<key>CLANG_WARN_UNGUARDED_AVAILABILITY</key>
				<string>YES_AGGRESSIVE</string>
				<key>CLANG_WARN_UNREACHABLE_CODE</key>
				<string>YES</string>
				<key>CLANG_WARN__DUPLICATE_METHOD_MATCH</key>
				<string>YES</string>
				<key>COPY_PHASE_STRIP</key>
				<string>YES</string>
				<key>DEBUG_INFORMATION_FORMAT</key>
				<string>dwarf-with-dsym</string>
				<key>ENABLE_STRICT_OBJC_MSGSEND</key>
				<string>YES</string>
				<key>ENABLE_TESTABILITY</key>
				<string>NO</string>
				<key>GCC_C_LANGUAGE_STANDARD</key>
				<string>gnu17</string>
				<key>GCC_DYNAMIC_NO_PIC</key>
				<string>NO</string>
				<key>GCC_NO_COMMON_BLOCKS</key>
				<string>YES</string>
				<key>GCC_OPTIMIZATION_LEVEL</key>
				<string>s</string>
				<key>GCC_WARN_64_TO_32_BIT_CONVERSION</key>
				<string>YES</string>
				<key>GCC_WARN_ABOUT_RETURN_TYPE</key>
				<string>YES_ERROR</string>
				<key>GCC_WARN_UNDECLARED_SELECTOR</key>
				<string>YES</string>
				<key>GCC_WARN_UNINITIALIZED_AUTOS</key>
				<string>YES_AGGRESSIVE</string>
				<key>GCC_WARN_UNUSED_FUNCTION</key>
				<string>YES</string>
				<key>GCC_WARN_UNUSED_VARIABLE</key>
				<string>YES</string>
				<key>IPHONEOS_DEPLOYMENT_TARGET</key>
				<string>17.0</string>
				<key>MTL_ENABLE_DEBUG_INFO</key>
				<string>INCLUDE_SOURCE</string>
				<key>MTL_FAST_MATH</key>
				<string>YES</string>
				<key>ONLY_ACTIVE_ARCH</key>
				<string>NO</string>
				<key>SDKROOT</key>
				<string>iphoneos</string>
				<key>SWIFT_OPTIMIZATION_LEVEL</key>
				<string>-O</string>
				<key>VALIDATE_PRODUCT</key>
				<string>YES</string>
			</dict>
			<key>isa</key>
			<string>XCBuildConfiguration</string>
			<key>name</key>
			<string>Release</string>
		</dict>
		<key>ECE3FF3C311241118210BF3A</key>
		<dict>
			<key>isa</key>
			<string>PBXFileReference</string>
			<key>lastKnownFileType</key>
			<string>sourcecode.swift</string>
			<key>path</key>
			<string>Services/AppInstallationService.swift</string>
			<key>sourceTree</key>
			<string>&lt;group&gt;</string>
		</dict>
		<key>EEAB78264C1D4E98994F3BDF</key>
		<dict>
			<key>isa</key>
			<string>PBXFileReference</string>
			<key>lastKnownFileType</key>
			<string>sourcecode.swift</string>
			<key>path</key>
			<string>VaultXApp.swift</string>
			<key>sourceTree</key>
			<string>&lt;group&gt;</string>
		</dict>
		<key>F2223859BF2A4D168F34664F</key>
		<dict>
			<key>isa</key>
			<string>PBXFileReference</string>
			<key>lastKnownFileType</key>
			<string>sourcecode.swift</string>
			<key>path</key>
			<string>Views/Shared/NumberPadView.swift</string>
			<key>sourceTree</key>
			<string>&lt;group&gt;</string>
		</dict>
		<key>F8B969F0B22A4A7A88398CA5</key>
		<dict>
			<key>fileRef</key>
			<string>5A8C672D0FB54EBDAFC41C42</string>
			<key>isa</key>
			<string>PBXBuildFile</string>
		</dict>
		<key>FF6B22211B20424B9D844125</key>
		<dict>
			<key>fileRef</key>
			<string>E2C3E454A6284EEC89603448</string>
			<key>isa</key>
			<string>PBXBuildFile</string>
		</dict>
		<key>155D194331A64EA584533A1A</key>
		<dict>
			<key>isa</key>
			<string>PBXFileReference</string>
			<key>lastKnownFileType</key>
			<string>sourcecode.swift</string>
			<key>path</key>
			<string>Models/VaultFileEnvelope.swift</string>
			<key>sourceTree</key>
			<string>&lt;group&gt;</string>
		</dict>
		<key>F52FFE1F0B0B46BE94E34B5E</key>
		<dict>
			<key>fileRef</key>
			<string>155D194331A64EA584533A1A</string>
			<key>isa</key>
			<string>PBXBuildFile</string>
		</dict>
		<key>BE799F8343CE4D648D088B80</key>
		<dict>
			<key>isa</key>
			<string>PBXFileReference</string>
			<key>lastKnownFileType</key>
			<string>sourcecode.swift</string>
			<key>path</key>
			<string>Models/VaultPersistenceError.swift</string>
			<key>sourceTree</key>
			<string>&lt;group&gt;</string>
		</dict>
		<key>3FBFAE2EFEB3428484FE8DA5</key>
		<dict>
			<key>fileRef</key>
			<string>BE799F8343CE4D648D088B80</string>
			<key>isa</key>
			<string>PBXBuildFile</string>
		</dict>
		<key>719A03EA40FD41108BDF5EE8</key>
		<dict>
			<key>isa</key>
			<string>PBXFileReference</string>
			<key>lastKnownFileType</key>
			<string>sourcecode.swift</string>
			<key>path</key>
			<string>PreviewSupport/PreviewVaultAccountsPersistence.swift</string>
			<key>sourceTree</key>
			<string>&lt;group&gt;</string>
		</dict>
		<key>CACCC52CA1DF4A55A2713B9F</key>
		<dict>
			<key>fileRef</key>
			<string>719A03EA40FD41108BDF5EE8</string>
			<key>isa</key>
			<string>PBXBuildFile</string>
		</dict>
		<key>B9914AEC7D9B43AFAD5C7258</key>
		<dict>
			<key>isa</key>
			<string>PBXFileReference</string>
			<key>lastKnownFileType</key>
			<string>sourcecode.swift</string>
			<key>path</key>
			<string>PreviewSupport/PreviewVaultEncryptionKeyStore.swift</string>
			<key>sourceTree</key>
			<string>&lt;group&gt;</string>
		</dict>
		<key>C704342E6FDB42C4BB381077</key>
		<dict>
			<key>fileRef</key>
			<string>B9914AEC7D9B43AFAD5C7258</string>
			<key>isa</key>
			<string>PBXBuildFile</string>
		</dict>
		<key>E0ADA9A8168A4847BC7098E0</key>
		<dict>
			<key>isa</key>
			<string>PBXFileReference</string>
			<key>lastKnownFileType</key>
			<string>sourcecode.swift</string>
			<key>path</key>
			<string>Services/AsyncFIFOTransactionGate.swift</string>
			<key>sourceTree</key>
			<string>&lt;group&gt;</string>
		</dict>
		<key>D956D85C8C894209B8D557D8</key>
		<dict>
			<key>fileRef</key>
			<string>E0ADA9A8168A4847BC7098E0</string>
			<key>isa</key>
			<string>PBXBuildFile</string>
		</dict>
		<key>FE75061F0567420BA78FD044</key>
		<dict>
			<key>isa</key>
			<string>PBXFileReference</string>
			<key>lastKnownFileType</key>
			<string>sourcecode.swift</string>
			<key>path</key>
			<string>Services/EncryptedVaultAccountsPersistence.swift</string>
			<key>sourceTree</key>
			<string>&lt;group&gt;</string>
		</dict>
		<key>44A1C4D36CD24BB3B889D717</key>
		<dict>
			<key>fileRef</key>
			<string>FE75061F0567420BA78FD044</string>
			<key>isa</key>
			<string>PBXBuildFile</string>
		</dict>
		<key>E4AA6762C6CB4C4F8D0C8C92</key>
		<dict>
			<key>isa</key>
			<string>PBXFileReference</string>
			<key>lastKnownFileType</key>
			<string>sourcecode.swift</string>
			<key>path</key>
			<string>Services/FreshInstallationSecurityPreparing.swift</string>
			<key>sourceTree</key>
			<string>&lt;group&gt;</string>
		</dict>
		<key>56EAFAA9D7104CCE85C7495F</key>
		<dict>
			<key>fileRef</key>
			<string>E4AA6762C6CB4C4F8D0C8C92</string>
			<key>isa</key>
			<string>PBXBuildFile</string>
		</dict>
		<key>575EB0013EB9467AA2F54D01</key>
		<dict>
			<key>isa</key>
			<string>PBXFileReference</string>
			<key>lastKnownFileType</key>
			<string>sourcecode.swift</string>
			<key>path</key>
			<string>Services/InstallationMarkerStoring.swift</string>
			<key>sourceTree</key>
			<string>&lt;group&gt;</string>
		</dict>
		<key>87DE52E5DA974E098856C9E2</key>
		<dict>
			<key>fileRef</key>
			<string>575EB0013EB9467AA2F54D01</string>
			<key>isa</key>
			<string>PBXBuildFile</string>
		</dict>
		<key>B426ACB4E8D64A20AA3FDE13</key>
		<dict>
			<key>isa</key>
			<string>PBXFileReference</string>
			<key>lastKnownFileType</key>
			<string>sourcecode.swift</string>
			<key>path</key>
			<string>Services/KeychainVaultEncryptionKeyStore.swift</string>
			<key>sourceTree</key>
			<string>&lt;group&gt;</string>
		</dict>
		<key>AD58B89560824861A0794602</key>
		<dict>
			<key>fileRef</key>
			<string>B426ACB4E8D64A20AA3FDE13</string>
			<key>isa</key>
			<string>PBXBuildFile</string>
		</dict>
		<key>332BDAC327DE4CF795572346</key>
		<dict>
			<key>isa</key>
			<string>PBXFileReference</string>
			<key>lastKnownFileType</key>
			<string>sourcecode.swift</string>
			<key>path</key>
			<string>Services/PasscodeVerifierResetting.swift</string>
			<key>sourceTree</key>
			<string>&lt;group&gt;</string>
		</dict>
		<key>A8D9467CEB2B46EFB6BC1494</key>
		<dict>
			<key>fileRef</key>
			<string>332BDAC327DE4CF795572346</string>
			<key>isa</key>
			<string>PBXBuildFile</string>
		</dict>
		<key>268B0B65B9964AAE858B4F4F</key>
		<dict>
			<key>isa</key>
			<string>PBXFileReference</string>
			<key>lastKnownFileType</key>
			<string>sourcecode.swift</string>
			<key>path</key>
			<string>Services/ProductionInstallationMarkerStore.swift</string>
			<key>sourceTree</key>
			<string>&lt;group&gt;</string>
		</dict>
		<key>4E57E9A46EE0423F95CA35F7</key>
		<dict>
			<key>fileRef</key>
			<string>268B0B65B9964AAE858B4F4F</string>
			<key>isa</key>
			<string>PBXBuildFile</string>
		</dict>
		<key>45B9D1D6CA914E1ABC904170</key>
		<dict>
			<key>isa</key>
			<string>PBXFileReference</string>
			<key>lastKnownFileType</key>
			<string>sourcecode.swift</string>
			<key>path</key>
			<string>Services/ProductionPasscodeVerifierResetter.swift</string>
			<key>sourceTree</key>
			<string>&lt;group&gt;</string>
		</dict>
		<key>AF48D158AE6341F58EB4B412</key>
		<dict>
			<key>fileRef</key>
			<string>45B9D1D6CA914E1ABC904170</string>
			<key>isa</key>
			<string>PBXBuildFile</string>
		</dict>
		<key>AEC0B00EBE2E46BB9562B2C8</key>
		<dict>
			<key>isa</key>
			<string>PBXFileReference</string>
			<key>lastKnownFileType</key>
			<string>sourcecode.swift</string>
			<key>path</key>
			<string>Services/ProductionVaultFilesystemClient.swift</string>
			<key>sourceTree</key>
			<string>&lt;group&gt;</string>
		</dict>
		<key>B9FFC872F6E34A5BAF851D12</key>
		<dict>
			<key>fileRef</key>
			<string>AEC0B00EBE2E46BB9562B2C8</string>
			<key>isa</key>
			<string>PBXBuildFile</string>
		</dict>
		<key>E0F2A83786754F5F870A330C</key>
		<dict>
			<key>isa</key>
			<string>PBXFileReference</string>
			<key>lastKnownFileType</key>
			<string>sourcecode.swift</string>
			<key>path</key>
			<string>Services/ProductionVaultKeychainClient.swift</string>
			<key>sourceTree</key>
			<string>&lt;group&gt;</string>
		</dict>
		<key>C78EAECE2ED845B4858546FF</key>
		<dict>
			<key>fileRef</key>
			<string>E0F2A83786754F5F870A330C</string>
			<key>isa</key>
			<string>PBXBuildFile</string>
		</dict>
		<key>6DF739F523E143B3BA8D05C7</key>
		<dict>
			<key>isa</key>
			<string>PBXFileReference</string>
			<key>lastKnownFileType</key>
			<string>sourcecode.swift</string>
			<key>path</key>
			<string>Services/VaultAccountsPersisting.swift</string>
			<key>sourceTree</key>
			<string>&lt;group&gt;</string>
		</dict>
		<key>8BDC3B4A2DC94D198F33AF6B</key>
		<dict>
			<key>fileRef</key>
			<string>6DF739F523E143B3BA8D05C7</string>
			<key>isa</key>
			<string>PBXBuildFile</string>
		</dict>
		<key>C3567D1C7C3B48F2B4B279F5</key>
		<dict>
			<key>isa</key>
			<string>PBXFileReference</string>
			<key>lastKnownFileType</key>
			<string>sourcecode.swift</string>
			<key>path</key>
			<string>Services/VaultEncryptionKeyResetting.swift</string>
			<key>sourceTree</key>
			<string>&lt;group&gt;</string>
		</dict>
		<key>B51A1C1C865A4FC882E48EDD</key>
		<dict>
			<key>fileRef</key>
			<string>C3567D1C7C3B48F2B4B279F5</string>
			<key>isa</key>
			<string>PBXBuildFile</string>
		</dict>
		<key>1A03C34B78E4438BB2874847</key>
		<dict>
			<key>isa</key>
			<string>PBXFileReference</string>
			<key>lastKnownFileType</key>
			<string>sourcecode.swift</string>
			<key>path</key>
			<string>Services/VaultEncryptionKeyStoring.swift</string>
			<key>sourceTree</key>
			<string>&lt;group&gt;</string>
		</dict>
		<key>ACC341E84209461E81A08AC3</key>
		<dict>
			<key>fileRef</key>
			<string>1A03C34B78E4438BB2874847</string>
			<key>isa</key>
			<string>PBXBuildFile</string>
		</dict>
		<key>6E57715FFA4044638330B4CD</key>
		<dict>
			<key>isa</key>
			<string>PBXFileReference</string>
			<key>lastKnownFileType</key>
			<string>sourcecode.swift</string>
			<key>path</key>
			<string>Services/VaultFilesystemClient.swift</string>
			<key>sourceTree</key>
			<string>&lt;group&gt;</string>
		</dict>
		<key>6FB34895C6B943F0BE647508</key>
		<dict>
			<key>fileRef</key>
			<string>6E57715FFA4044638330B4CD</string>
			<key>isa</key>
			<string>PBXBuildFile</string>
		</dict>
		<key>3C086570B5D14724BFC0BBF2</key>
		<dict>
			<key>isa</key>
			<string>PBXFileReference</string>
			<key>lastKnownFileType</key>
			<string>sourcecode.swift</string>
			<key>path</key>
			<string>Services/VaultFreshInstallationSecurityPreparer.swift</string>
			<key>sourceTree</key>
			<string>&lt;group&gt;</string>
		</dict>
		<key>F50E697668844416ABACF36C</key>
		<dict>
			<key>fileRef</key>
			<string>3C086570B5D14724BFC0BBF2</string>
			<key>isa</key>
			<string>PBXBuildFile</string>
		</dict>
		<key>943E0FDCB9BE4AC288421415</key>
		<dict>
			<key>isa</key>
			<string>PBXFileReference</string>
			<key>lastKnownFileType</key>
			<string>sourcecode.swift</string>
			<key>path</key>
			<string>Services/VaultKeychainClient.swift</string>
			<key>sourceTree</key>
			<string>&lt;group&gt;</string>
		</dict>
		<key>5B2B5FE483314538B7D94C92</key>
		<dict>
			<key>fileRef</key>
			<string>943E0FDCB9BE4AC288421415</string>
			<key>isa</key>
			<string>PBXBuildFile</string>
		</dict>
		<key>C0D54C1D055842C1897DE647</key>
		<dict>
			<key>isa</key>
			<string>PBXFileReference</string>
			<key>lastKnownFileType</key>
			<string>sourcecode.swift</string>
			<key>path</key>
			<string>VaultAccountsStoreTests.swift</string>
			<key>sourceTree</key>
			<string>&lt;group&gt;</string>
		</dict>
		<key>D2E5DA60A38D4FE1B5A62934</key>
		<dict>
			<key>fileRef</key>
			<string>C0D54C1D055842C1897DE647</string>
			<key>isa</key>
			<string>PBXBuildFile</string>
		</dict>
		<key>884CAFE1019143D59F1C11B5</key>
		<dict>
			<key>isa</key>
			<string>PBXFileReference</string>
			<key>lastKnownFileType</key>
			<string>sourcecode.swift</string>
			<key>path</key>
			<string>VaultPersistenceTests.swift</string>
			<key>sourceTree</key>
			<string>&lt;group&gt;</string>
		</dict>
		<key>890C8E8B4BBB4F4FAEFFC6ED</key>
		<dict>
			<key>fileRef</key>
			<string>884CAFE1019143D59F1C11B5</string>
			<key>isa</key>
			<string>PBXBuildFile</string>
		</dict>
		<key>5B0CD9A68415D118FDE610E6</key>
		<dict>
			<key>isa</key>
			<string>PBXFileReference</string>
			<key>lastKnownFileType</key>
			<string>sourcecode.swift</string>
			<key>path</key>
			<string>Models/TOTPAlgorithm.swift</string>
			<key>sourceTree</key>
			<string>&lt;group&gt;</string>
		</dict>
		<key>54DBFBB54DC04534D8AC4A13</key>
		<dict>
			<key>fileRef</key>
			<string>5B0CD9A68415D118FDE610E6</string>
			<key>isa</key>
			<string>PBXBuildFile</string>
		</dict>
		<key>3B687288DA1A5D3E7083231E</key>
		<dict>
			<key>isa</key>
			<string>PBXFileReference</string>
			<key>lastKnownFileType</key>
			<string>sourcecode.swift</string>
			<key>path</key>
			<string>Models/TOTPConfiguration.swift</string>
			<key>sourceTree</key>
			<string>&lt;group&gt;</string>
		</dict>
		<key>B19FAFC2EDE77945A24D3104</key>
		<dict>
			<key>fileRef</key>
			<string>3B687288DA1A5D3E7083231E</string>
			<key>isa</key>
			<string>PBXBuildFile</string>
		</dict>
		<key>F0EDFB1DAD337BDBF8F66808</key>
		<dict>
			<key>isa</key>
			<string>PBXFileReference</string>
			<key>lastKnownFileType</key>
			<string>sourcecode.swift</string>
			<key>path</key>
			<string>Services/Base32Decoder.swift</string>
			<key>sourceTree</key>
			<string>&lt;group&gt;</string>
		</dict>
		<key>E58F78D703B1C774C8F52F37</key>
		<dict>
			<key>fileRef</key>
			<string>F0EDFB1DAD337BDBF8F66808</string>
			<key>isa</key>
			<string>PBXBuildFile</string>
		</dict>
		<key>B39A44CA71FDE2005C02F6E9</key>
		<dict>
			<key>isa</key>
			<string>PBXFileReference</string>
			<key>lastKnownFileType</key>
			<string>sourcecode.swift</string>
			<key>path</key>
			<string>Services/TOTPClock.swift</string>
			<key>sourceTree</key>
			<string>&lt;group&gt;</string>
		</dict>
		<key>AD56663EDAB73C1F7E3503FF</key>
		<dict>
			<key>fileRef</key>
			<string>B39A44CA71FDE2005C02F6E9</string>
			<key>isa</key>
			<string>PBXBuildFile</string>
		</dict>
		<key>3071875925120B29434BA088</key>
		<dict>
			<key>isa</key>
			<string>PBXFileReference</string>
			<key>lastKnownFileType</key>
			<string>sourcecode.swift</string>
			<key>path</key>
			<string>Services/TOTPEngine.swift</string>
			<key>sourceTree</key>
			<string>&lt;group&gt;</string>
		</dict>
		<key>E8CD4E5C0C26BAAE4F2670CD</key>
		<dict>
			<key>fileRef</key>
			<string>3071875925120B29434BA088</string>
			<key>isa</key>
			<string>PBXBuildFile</string>
		</dict>
		<key>CD6E60B5B28C698C99168DD0</key>
		<dict>
			<key>isa</key>
			<string>PBXFileReference</string>
			<key>lastKnownFileType</key>
			<string>sourcecode.swift</string>
			<key>path</key>
			<string>TOTPTests.swift</string>
			<key>sourceTree</key>
			<string>&lt;group&gt;</string>
		</dict>
		<key>1E1ED486DC420C58E0B78FBE</key>
		<dict>
			<key>fileRef</key>
			<string>CD6E60B5B28C698C99168DD0</string>
			<key>isa</key>
			<string>PBXBuildFile</string>
		</dict>
		<key>C29DA3EE72A0CECDDBBFBB59</key>
		<dict>
			<key>isa</key>
			<string>PBXFileReference</string>
			<key>lastKnownFileType</key>
			<string>sourcecode.swift</string>
			<key>path</key>
			<string>Services/TOTPQRCodeParser.swift</string>
			<key>sourceTree</key>
			<string>&lt;group&gt;</string>
		</dict>
		<key>70D4F7B1A91F3B7A64F66D80</key>
		<dict>
			<key>isa</key>
			<string>PBXBuildFile</string>
			<key>fileRef</key>
			<string>C29DA3EE72A0CECDDBBFBB59</string>
		</dict>
		<key>3BA447213174434D7962250B</key>
		<dict>
			<key>isa</key>
			<string>PBXFileReference</string>
			<key>lastKnownFileType</key>
			<string>sourcecode.swift</string>
			<key>path</key>
			<string>Views/Home/QRCodeScannerView.swift</string>
			<key>sourceTree</key>
			<string>&lt;group&gt;</string>
		</dict>
		<key>02A69349A96191AA87399A53</key>
		<dict>
			<key>isa</key>
			<string>PBXBuildFile</string>
			<key>fileRef</key>
			<string>3BA447213174434D7962250B</string>
		</dict>
		<key>EBCE26E7925B391466DC7CBB</key>
		<dict>
			<key>isa</key>
			<string>PBXFileReference</string>
			<key>lastKnownFileType</key>
			<string>sourcecode.swift</string>
			<key>path</key>
			<string>Views/Home/TOTPQRCodeReviewView.swift</string>
			<key>sourceTree</key>
			<string>&lt;group&gt;</string>
		</dict>
		<key>3A03153E0A26659C920EE029</key>
		<dict>
			<key>isa</key>
			<string>PBXBuildFile</string>
			<key>fileRef</key>
			<string>EBCE26E7925B391466DC7CBB</string>
		</dict>
		<key>4CE3C23395ECC2FBEBEAAF56</key>
		<dict>
			<key>isa</key>
			<string>PBXFileReference</string>
			<key>lastKnownFileType</key>
			<string>sourcecode.swift</string>
			<key>path</key>
			<string>Models/GoogleAuthenticatorImportModels.swift</string>
			<key>sourceTree</key>
			<string>&lt;group&gt;</string>
		</dict>
		<key>8A9DDC29388BA52FF2D97EB7</key>
		<dict>
			<key>isa</key>
			<string>PBXBuildFile</string>
			<key>fileRef</key>
			<string>4CE3C23395ECC2FBEBEAAF56</string>
		</dict>
		<key>2531622CD242BD1B0A032212</key>
		<dict>
			<key>isa</key>
			<string>PBXFileReference</string>
			<key>lastKnownFileType</key>
			<string>sourcecode.swift</string>
			<key>path</key>
			<string>Services/GoogleAuthenticatorMigrationParser.swift</string>
			<key>sourceTree</key>
			<string>&lt;group&gt;</string>
		</dict>
		<key>3AB2939D09DD6530086297FB</key>
		<dict>
			<key>isa</key>
			<string>PBXBuildFile</string>
			<key>fileRef</key>
			<string>2531622CD242BD1B0A032212</string>
		</dict>
		<key>50368FD334A3685C80CC2CBE</key>
		<dict>
			<key>isa</key>
			<string>PBXFileReference</string>
			<key>lastKnownFileType</key>
			<string>sourcecode.swift</string>
			<key>path</key>
			<string>Views/Home/VaultMainMenuView.swift</string>
			<key>sourceTree</key>
			<string>&lt;group&gt;</string>
		</dict>
		<key>8C3B4076BAB0FD8AABB253D9</key>
		<dict>
			<key>isa</key>
			<string>PBXBuildFile</string>
			<key>fileRef</key>
			<string>50368FD334A3685C80CC2CBE</string>
		</dict>
		<key>F212E15067F2470A8BC9BFED</key>
		<dict>
			<key>isa</key>
			<string>PBXFileReference</string>
			<key>lastKnownFileType</key>
			<string>sourcecode.swift</string>
			<key>path</key>
			<string>Views/Home/GoogleAuthenticatorImportView.swift</string>
			<key>sourceTree</key>
			<string>&lt;group&gt;</string>
		</dict>
		<key>C9FB5D1E9DAD85E69FF24ABE</key>
		<dict>
			<key>isa</key>
			<string>PBXBuildFile</string>
			<key>fileRef</key>
			<string>F212E15067F2470A8BC9BFED</string>
		</dict>
		<key>0863BB3EF5A40AAEC7E8DDAC</key>
		<dict>
			<key>isa</key>
			<string>PBXFileReference</string>
			<key>lastKnownFileType</key>
			<string>sourcecode.swift</string>
			<key>path</key>
			<string>GoogleAuthenticatorMigrationTests.swift</string>
			<key>sourceTree</key>
			<string>&lt;group&gt;</string>
		</dict>
		<key>5EB7A9339B536D00BD1131D1</key>
		<dict>
			<key>isa</key>
			<string>PBXBuildFile</string>
			<key>fileRef</key>
			<string>0863BB3EF5A40AAEC7E8DDAC</string>
		</dict>
		<key>42DF7FF014B1182FB366B9BE</key>
		<dict>
			<key>isa</key>
			<string>PBXFileReference</string>
			<key>lastKnownFileType</key>
			<string>sourcecode.swift</string>
			<key>path</key>
			<string>Services/QRCodeImageDecoder.swift</string>
			<key>sourceTree</key>
			<string>&lt;group&gt;</string>
		</dict>
		<key>ACB67A52F9C1A6B341C3032F</key>
		<dict>
			<key>isa</key>
			<string>PBXBuildFile</string>
			<key>fileRef</key>
			<string>42DF7FF014B1182FB366B9BE</string>
		</dict>
		<key>0B9422D4ED43A21F96015630</key>
		<dict>
			<key>isa</key>
			<string>PBXFileReference</string>
			<key>lastKnownFileType</key>
			<string>sourcecode.swift</string>
			<key>path</key>
			<string>Services/SecureClipboardService.swift</string>
			<key>sourceTree</key>
			<string>&lt;group&gt;</string>
		</dict>
		<key>6084E3313094D37B952D69EA</key>
		<dict>
			<key>fileRef</key>
			<string>0B9422D4ED43A21F96015630</string>
			<key>isa</key>
			<string>PBXBuildFile</string>
		</dict>
		<key>331CF4D5AD851707EDD7E067</key>
		<dict>
			<key>isa</key>
			<string>PBXFileReference</string>
			<key>lastKnownFileType</key>
			<string>sourcecode.swift</string>
			<key>path</key>
			<string>Views/Home/VaultSecuritySettingsView.swift</string>
			<key>sourceTree</key>
			<string>&lt;group&gt;</string>
		</dict>
		<key>A24C0B51A3FF59A97E65D6F9</key>
		<dict>
			<key>fileRef</key>
			<string>331CF4D5AD851707EDD7E067</string>
			<key>isa</key>
			<string>PBXBuildFile</string>
		</dict>
		<key>577FAA88189E68B2EADD3075</key>
		<dict>
			<key>isa</key>
			<string>PBXFileReference</string>
			<key>lastKnownFileType</key>
			<string>sourcecode.swift</string>
			<key>path</key>
			<string>VaultSecuritySettingsTests.swift</string>
			<key>sourceTree</key>
			<string>&lt;group&gt;</string>
		</dict>
		<key>B9B8C06DCDDE90D3456207B8</key>
		<dict>
			<key>fileRef</key>
			<string>577FAA88189E68B2EADD3075</string>
			<key>isa</key>
			<string>PBXBuildFile</string>
		</dict>
		<key>BC84A84792BB2DB9BA2B8736</key>
		<dict>
			<key>isa</key>
			<string>PBXFileReference</string>
			<key>lastKnownFileType</key>
			<string>sourcecode.swift</string>
			<key>path</key>
			<string>Models/VaultBackupModels.swift</string>
			<key>sourceTree</key>
			<string>&lt;group&gt;</string>
		</dict>
		<key>C1BA19F657F22CB251DE50A6</key>
		<dict>
			<key>fileRef</key>
			<string>BC84A84792BB2DB9BA2B8736</string>
			<key>isa</key>
			<string>PBXBuildFile</string>
		</dict>
		<key>4B81B4227260A5831325AAB7</key>
		<dict>
			<key>isa</key>
			<string>PBXFileReference</string>
			<key>lastKnownFileType</key>
			<string>sourcecode.swift</string>
			<key>path</key>
			<string>Models/VaultBackupDocument.swift</string>
			<key>sourceTree</key>
			<string>&lt;group&gt;</string>
		</dict>
		<key>B6070F6BB4B6C600C5F1DB00</key>
		<dict>
			<key>fileRef</key>
			<string>4B81B4227260A5831325AAB7</string>
			<key>isa</key>
			<string>PBXBuildFile</string>
		</dict>
		<key>49CD71A3EC290DE8CC074394</key>
		<dict>
			<key>isa</key>
			<string>PBXFileReference</string>
			<key>lastKnownFileType</key>
			<string>sourcecode.swift</string>
			<key>path</key>
			<string>Services/VaultBackupCryptoService.swift</string>
			<key>sourceTree</key>
			<string>&lt;group&gt;</string>
		</dict>
		<key>2B49EC554765139FE6C42B67</key>
		<dict>
			<key>fileRef</key>
			<string>49CD71A3EC290DE8CC074394</string>
			<key>isa</key>
			<string>PBXBuildFile</string>
		</dict>
		<key>5D4B43A74FC6E4F7CFF6C8C7</key>
		<dict>
			<key>isa</key>
			<string>PBXFileReference</string>
			<key>lastKnownFileType</key>
			<string>sourcecode.swift</string>
			<key>path</key>
			<string>Services/VaultBackupMergePlanner.swift</string>
			<key>sourceTree</key>
			<string>&lt;group&gt;</string>
		</dict>
		<key>1D8762DC12419D9ACF21634F</key>
		<dict>
			<key>fileRef</key>
			<string>5D4B43A74FC6E4F7CFF6C8C7</string>
			<key>isa</key>
			<string>PBXBuildFile</string>
		</dict>
		<key>74B07641BE96FFBD954D5C73</key>
		<dict>
			<key>isa</key>
			<string>PBXFileReference</string>
			<key>lastKnownFileType</key>
			<string>sourcecode.swift</string>
			<key>path</key>
			<string>Views/Shared/OwnerVerificationView.swift</string>
			<key>sourceTree</key>
			<string>&lt;group&gt;</string>
		</dict>
		<key>DC7954EB31531B5E685150AC</key>
		<dict>
			<key>fileRef</key>
			<string>74B07641BE96FFBD954D5C73</string>
			<key>isa</key>
			<string>PBXBuildFile</string>
		</dict>
		<key>2022029D8F265E7D3E47CEE7</key>
		<dict>
			<key>isa</key>
			<string>PBXFileReference</string>
			<key>lastKnownFileType</key>
			<string>sourcecode.swift</string>
			<key>path</key>
			<string>Views/Home/VaultBackupRestoreView.swift</string>
			<key>sourceTree</key>
			<string>&lt;group&gt;</string>
		</dict>
		<key>155A11ECA1322CA53A6FE7BD</key>
		<dict>
			<key>fileRef</key>
			<string>2022029D8F265E7D3E47CEE7</string>
			<key>isa</key>
			<string>PBXBuildFile</string>
		</dict>
		<key>B61FB907E6D0CA0434CF7A19</key>
		<dict>
			<key>isa</key>
			<string>PBXFileReference</string>
			<key>lastKnownFileType</key>
			<string>sourcecode.swift</string>
			<key>path</key>
			<string>VaultBackupTests.swift</string>
			<key>sourceTree</key>
			<string>&lt;group&gt;</string>
		</dict>
		<key>B9E16DC53C7FF5EAADD6A0D9</key>
		<dict>
			<key>fileRef</key>
			<string>B61FB907E6D0CA0434CF7A19</string>
			<key>isa</key>
			<string>PBXBuildFile</string>
		</dict>
	</dict>
	<key>rootObject</key>
	<string>3889A984378B4170AA404BDB</string>
</dict>
</plist>
